
Microsoft Visual Studio Solution File, Format Version 11.00
# Visual Studio 2010
Project("{FAE04EC0-301F-11D3-BF4B-00C04F79EFBC}") = "PiOfThings", "PiOfThings.csproj", "{FBB2E6FC-70BC-48C8-A7DC-0C7119875059}"
EndProject
Global
	GlobalSection(SolutionConfigurationPlatforms) = preSolution
		Debug|Any CPU = Debug|Any CPU
		Release|Any CPU = Release|Any CPU
	EndGlobalSection
	GlobalSection(ProjectConfigurationPlatforms) = postSolution
		{FBB2E6FC-70BC-48C8-A7DC-0C7119875059}.Debug|Any CPU.ActiveCfg = Debug|Any CPU
		{FBB2E6FC-70BC-48C8-A7DC-0C7119875059}.Debug|Any CPU.Build.0 = Debug|Any CPU
		{FBB2E6FC-70BC-48C8-A7DC-0C7119875059}.Release|Any CPU.ActiveCfg = Release|Any CPU
		{FBB2E6FC-70BC-48C8-A7DC-0C7119875059}.Release|Any CPU.Build.0 = Release|Any CPU
	EndGlobalSection
EndGlobal
